
Microsoft Visual Studio Solution File, Format Version 12.00
# Visual Studio 15
Project("{FAE04EC0-301F-11D3-BF4B-00C04F79EFBC}") = "ExtendedListViewExample.Android", "ExtendedListViewExample.Android\ExtendedListViewExample.Android.csproj", "{B378A580-D000-404C-90FF-6BFD02567091}"
EndProject
Project("{FAE04EC0-301F-11D3-BF4B-00C04F79EFBC}") = "ExtendedListViewExample.iOS", "ExtendedListViewExample.iOS\ExtendedListViewExample.iOS.csproj", "{89A88A5E-F681-49C4-83CB-FD74BF5A8A71}"
EndProject
Project("{D954291E-2A0B-460D-934E-DC6B0785DB48}") = "ExtendedListViewExample", "ExtendedListViewExample\ExtendedListViewExample.shproj", "{286E291E-C5DC-44AF-8DD9-4A6648A0DB10}"
EndProject
Global
	GlobalSection(SolutionConfigurationPlatforms) = preSolution
		Debug|Any CPU = Debug|Any CPU
		Release|Any CPU = Release|Any CPU
		Debug|iPhoneSimulator = Debug|iPhoneSimulator
		Release|iPhoneSimulator = Release|iPhoneSimulator
		Debug|iPhone = Debug|iPhone
		Release|iPhone = Release|iPhone
		Ad-Hoc|iPhone = Ad-Hoc|iPhone
		AppStore|iPhone = AppStore|iPhone
	EndGlobalSection
	GlobalSection(ProjectConfigurationPlatforms) = postSolution
		{B378A580-D000-404C-90FF-6BFD02567091}.Debug|Any CPU.ActiveCfg = Debug|Any CPU
		{B378A580-D000-404C-90FF-6BFD02567091}.Debug|Any CPU.Build.0 = Debug|Any CPU
		{B378A580-D000-404C-90FF-6BFD02567091}.Release|Any CPU.ActiveCfg = Release|Any CPU
		{B378A580-D000-404C-90FF-6BFD02567091}.Release|Any CPU.Build.0 = Release|Any CPU
		{B378A580-D000-404C-90FF-6BFD02567091}.Debug|iPhoneSimulator.ActiveCfg = Debug|Any CPU
		{B378A580-D000-404C-90FF-6BFD02567091}.Debug|iPhoneSimulator.Build.0 = Debug|Any CPU
		{B378A580-D000-404C-90FF-6BFD02567091}.Release|iPhoneSimulator.ActiveCfg = Release|Any CPU
		{B378A580-D000-404C-90FF-6BFD02567091}.Release|iPhoneSimulator.Build.0 = Release|Any CPU
		{B378A580-D000-404C-90FF-6BFD02567091}.Debug|iPhone.ActiveCfg = Debug|Any CPU
		{B378A580-D000-404C-90FF-6BFD02567091}.Debug|iPhone.Build.0 = Debug|Any CPU
		{B378A580-D000-404C-90FF-6BFD02567091}.Release|iPhone.ActiveCfg = Release|Any CPU
		{B378A580-D000-404C-90FF-6BFD02567091}.Release|iPhone.Build.0 = Release|Any CPU
		{B378A580-D000-404C-90FF-6BFD02567091}.Ad-Hoc|iPhone.ActiveCfg = Debug|Any CPU
		{B378A580-D000-404C-90FF-6BFD02567091}.Ad-Hoc|iPhone.Build.0 = Debug|Any CPU
		{B378A580-D000-404C-90FF-6BFD02567091}.AppStore|iPhone.ActiveCfg = Debug|Any CPU
		{B378A580-D000-404C-90FF-6BFD02567091}.AppStore|iPhone.Build.0 = Debug|Any CPU
		{89A88A5E-F681-49C4-83CB-FD74BF5A8A71}.Debug|Any CPU.ActiveCfg = Debug|iPhoneSimulator
		{89A88A5E-F681-49C4-83CB-FD74BF5A8A71}.Debug|Any CPU.Build.0 = Debug|iPhoneSimulator
		{89A88A5E-F681-49C4-83CB-FD74BF5A8A71}.Release|Any CPU.ActiveCfg = Release|iPhoneSimulator
		{89A88A5E-F681-49C4-83CB-FD74BF5A8A71}.Release|Any CPU.Build.0 = Release|iPhoneSimulator
		{89A88A5E-F681-49C4-83CB-FD74BF5A8A71}.Debug|iPhoneSimulator.ActiveCfg = Debug|iPhoneSimulator
		{89A88A5E-F681-49C4-83CB-FD74BF5A8A71}.Debug|iPhoneSimulator.Build.0 = Debug|iPhoneSimulator
		{89A88A5E-F681-49C4-83CB-FD74BF5A8A71}.Release|iPhoneSimulator.ActiveCfg = Release|iPhoneSimulator
		{89A88A5E-F681-49C4-83CB-FD74BF5A8A71}.Release|iPhoneSimulator.Build.0 = Release|iPhoneSimulator
		{89A88A5E-F681-49C4-83CB-FD74BF5A8A71}.Debug|iPhone.ActiveCfg = Debug|iPhone
		{89A88A5E-F681-49C4-83CB-FD74BF5A8A71}.Debug|iPhone.Build.0 = Debug|iPhone
		{89A88A5E-F681-49C4-83CB-FD74BF5A8A71}.Release|iPhone.ActiveCfg = Release|iPhone
		{89A88A5E-F681-49C4-83CB-FD74BF5A8A71}.Release|iPhone.Build.0 = Release|iPhone
		{89A88A5E-F681-49C4-83CB-FD74BF5A8A71}.Ad-Hoc|iPhone.ActiveCfg = Ad-Hoc|iPhone
		{89A88A5E-F681-49C4-83CB-FD74BF5A8A71}.Ad-Hoc|iPhone.Build.0 = Ad-Hoc|iPhone
		{89A88A5E-F681-49C4-83CB-FD74BF5A8A71}.AppStore|iPhone.ActiveCfg = AppStore|iPhone
		{89A88A5E-F681-49C4-83CB-FD74BF5A8A71}.AppStore|iPhone.Build.0 = AppStore|iPhone
	EndGlobalSection
EndGlobal
